
Microsoft Visual Studio Solution File, Format Version 12.00
# Visual Studio Version 17
VisualStudioVersion = 17.11.35312.102
MinimumVisualStudioVersion = 10.0.40219.1
Project("{FAE04EC0-301F-11D3-BF4B-00C04F79EFBC}") = "Gerenciamento-EDDII", "Gerenciamento-EDDII.csproj", "{CE907FF7-75E7-4979-AE3A-A1933AB2304D}"
EndProject
Global
	GlobalSection(SolutionConfigurationPlatforms) = preSolution
		Debug|Any CPU = Debug|Any CPU
		Release|Any CPU = Release|Any CPU
	EndGlobalSection
	GlobalSection(ProjectConfigurationPlatforms) = postSolution
		{CE907FF7-75E7-4979-AE3A-A1933AB2304D}.Debug|Any CPU.ActiveCfg = Debug|Any CPU
		{CE907FF7-75E7-4979-AE3A-A1933AB2304D}.Debug|Any CPU.Build.0 = Debug|Any CPU
		{CE907FF7-75E7-4979-AE3A-A1933AB2304D}.Release|Any CPU.ActiveCfg = Release|Any CPU
		{CE907FF7-75E7-4979-AE3A-A1933AB2304D}.Release|Any CPU.Build.0 = Release|Any CPU
	EndGlobalSection
	GlobalSection(SolutionProperties) = preSolution
		HideSolutionNode = FALSE
	EndGlobalSection
	GlobalSection(ExtensibilityGlobals) = postSolution
		SolutionGuid = {91D1F930-BCA5-4298-9F48-7ADD0313446C}
	EndGlobalSection
EndGlobal
